<Project xmlns="http://schemas.microsoft.com/developer/msbuild/2003">
    <PropertyGroup>
        <ProjectGuid>{277ea074-a5eb-468e-ad81-cbe3bc8e0291}</ProjectGuid>
        <Configuration Condition=" '$(Configuration)' == '' ">Debug</Configuration>
        <DCC_DCCCompiler>DCC32</DCC_DCCCompiler>
        <DCC_DependencyCheckOutputName>FunctionTester.exe</DCC_DependencyCheckOutputName>
        <MainSource>FunctionTester.dpr</MainSource>
        <Base>True</Base>
        <Config Condition="'$(Config)'==''">Debug</Config>
        <TargetedPlatforms>1</TargetedPlatforms>
        <AppType>Application</AppType>
        <FrameworkType>VCL</FrameworkType>
        <ProjectVersion>16.1</ProjectVersion>
        <Platform Condition="'$(Platform)'==''">Win32</Platform>
    </PropertyGroup>
    <PropertyGroup Condition="'$(Config)'=='Base' or '$(Base)'!=''">
        <Base>true</Base>
    </PropertyGroup>
    <PropertyGroup Condition="('$(Platform)'=='Win32' and '$(Base)'=='true') or '$(Base_Win32)'!=''">
        <Base_Win32>true</Base_Win32>
        <CfgParent>Base</CfgParent>
        <Base>true</Base>
    </PropertyGroup>
    <PropertyGroup Condition="('$(Platform)'=='Win64' and '$(Base)'=='true') or '$(Base_Win64)'!=''">
        <Base_Win64>true</Base_Win64>
        <CfgParent>Base</CfgParent>
        <Base>true</Base>
    </PropertyGroup>
    <PropertyGroup Condition="'$(Config)'=='Release' or '$(Cfg_1)'!=''">
        <Cfg_1>true</Cfg_1>
        <CfgParent>Base</CfgParent>
        <Base>true</Base>
    </PropertyGroup>
    <PropertyGroup Condition="'$(Config)'=='Debug' or '$(Cfg_2)'!=''">
        <Cfg_2>true</Cfg_2>
        <CfgParent>Base</CfgParent>
        <Base>true</Base>
    </PropertyGroup>
    <PropertyGroup Condition="('$(Platform)'=='Win32' and '$(Cfg_2)'=='true') or '$(Cfg_2_Win32)'!=''">
        <Cfg_2_Win32>true</Cfg_2_Win32>
        <CfgParent>Cfg_2</CfgParent>
        <Cfg_2>true</Cfg_2>
        <Base>true</Base>
    </PropertyGroup>
    <PropertyGroup Condition="'$(Base)'!=''">
        <VerInfo_Keys>CompanyName=;FileDescription=;FileVersion=1.0.0.0;InternalName=;LegalCopyright=;LegalTrademarks=;OriginalFilename=;ProductName=;ProductVersion=1.0.0.0;Comments=</VerInfo_Keys>
        <DCC_Namespace>Vcl;Vcl.Imaging;Vcl.Touch;Vcl.Samples;Vcl.Shell;System;Xml;Data;Datasnap;Web;Soap;Winapi;System.Win;$(DCC_Namespace)</DCC_Namespace>
        <SanitizedProjectName>FunctionTester</SanitizedProjectName>
        <VerInfo_Locale>1031</VerInfo_Locale>
    </PropertyGroup>
    <PropertyGroup Condition="'$(Base_Win32)'!=''">
        <DCC_Namespace>Data.Win;Datasnap.Win;Web.Win;Soap.Win;Xml.Win;Bde;$(DCC_Namespace)</DCC_Namespace>
        <Manifest_File>$(BDS)\bin\default_app.manifest</Manifest_File>
        <VerInfo_IncludeVerInfo>true</VerInfo_IncludeVerInfo>
        <VerInfo_Locale>1033</VerInfo_Locale>
        <Icon_MainIcon>FunctionTester_Icon1.ico</Icon_MainIcon>
    </PropertyGroup>
    <PropertyGroup Condition="'$(Base_Win64)'!=''">
        <Manifest_File>$(BDS)\bin\default_app.manifest</Manifest_File>
        <Icon_MainIcon>FunctionTester_Icon1.ico</Icon_MainIcon>
    </PropertyGroup>
    <PropertyGroup Condition="'$(Cfg_1)'!=''">
        <Version>7.0</Version>
        <DCC_DebugInformation>0</DCC_DebugInformation>
        <DCC_LocalDebugSymbols>False</DCC_LocalDebugSymbols>
        <DCC_SymbolReferenceInfo>0</DCC_SymbolReferenceInfo>
        <DCC_Define>RELEASE;$(DCC_Define)</DCC_Define>
        <DCC_UnitSearchPath>..\Externals;$(DCC_UnitSearchPath)</DCC_UnitSearchPath>
        <DCC_ResourcePath>..\Externals;$(DCC_ResourcePath)</DCC_ResourcePath>
        <DCC_ObjPath>..\Externals;$(DCC_ObjPath)</DCC_ObjPath>
        <DCC_IncludePath>..\Externals;$(DCC_IncludePath)</DCC_IncludePath>
    </PropertyGroup>
    <PropertyGroup Condition="'$(Cfg_2)'!=''">
        <Version>7.0</Version>
        <DCC_Define>DEBUG;$(DCC_Define)</DCC_Define>
        <DCC_UnitSearchPath>..\Externals;$(DCC_UnitSearchPath)</DCC_UnitSearchPath>
        <DCC_ResourcePath>..\Externals;$(DCC_ResourcePath)</DCC_ResourcePath>
        <DCC_ObjPath>..\Externals;$(DCC_ObjPath)</DCC_ObjPath>
        <DCC_IncludePath>..\Externals;$(DCC_IncludePath)</DCC_IncludePath>
        <DCC_Optimize>False</DCC_Optimize>
        <DCC_IntegerOverflowCheck>True</DCC_IntegerOverflowCheck>
    </PropertyGroup>
    <PropertyGroup Condition="'$(Cfg_2_Win32)'!=''">
        <DCC_RangeChecking>true</DCC_RangeChecking>
        <VerInfo_Locale>1033</VerInfo_Locale>
        <VerInfo_IncludeVerInfo>true</VerInfo_IncludeVerInfo>
    </PropertyGroup>
    <ProjectExtensions>
        <Borland.Personality>Delphi.Personality.12</Borland.Personality>
        <Borland.ProjectType/>
        <BorlandProject>
            <Delphi.Personality>
                <Parameters>
                    <Parameters Name="UseLauncher">False</Parameters>
                    <Parameters Name="LoadAllSymbols">True</Parameters>
                    <Parameters Name="LoadUnspecifiedSymbols">False</Parameters>
                </Parameters>
                <VersionInfo>
                    <VersionInfo Name="IncludeVerInfo">False</VersionInfo>
                    <VersionInfo Name="AutoIncBuild">False</VersionInfo>
                    <VersionInfo Name="MajorVer">1</VersionInfo>
                    <VersionInfo Name="MinorVer">0</VersionInfo>
                    <VersionInfo Name="Release">0</VersionInfo>
                    <VersionInfo Name="Build">0</VersionInfo>
                    <VersionInfo Name="Debug">False</VersionInfo>
                    <VersionInfo Name="PreRelease">False</VersionInfo>
                    <VersionInfo Name="Special">False</VersionInfo>
                    <VersionInfo Name="Private">False</VersionInfo>
                    <VersionInfo Name="DLL">False</VersionInfo>
                    <VersionInfo Name="Locale">1031</VersionInfo>
                    <VersionInfo Name="CodePage">1252</VersionInfo>
                </VersionInfo>
                <VersionInfoKeys>
                    <VersionInfoKeys Name="CompanyName"/>
                    <VersionInfoKeys Name="FileDescription"/>
                    <VersionInfoKeys Name="FileVersion">1.0.0.0</VersionInfoKeys>
                    <VersionInfoKeys Name="InternalName"/>
                    <VersionInfoKeys Name="LegalCopyright"/>
                    <VersionInfoKeys Name="LegalTrademarks"/>
                    <VersionInfoKeys Name="OriginalFilename"/>
                    <VersionInfoKeys Name="ProductName"/>
                    <VersionInfoKeys Name="ProductVersion">1.0.0.0</VersionInfoKeys>
                    <VersionInfoKeys Name="Comments"/>
                </VersionInfoKeys>
                <Excluded_Packages>
                    <Excluded_Packages Name="$(BDSBIN)\bcboffice2k210.bpl">Embarcadero C++Builder-Package für Office 2000-Server</Excluded_Packages>
                    <Excluded_Packages Name="$(BDSBIN)\bcbofficexp210.bpl">Embarcadero C++Builder-Package für Office XP-Server</Excluded_Packages>
                    <Excluded_Packages Name="$(BDSBIN)\dcloffice2k210.bpl">Microsoft Office 2000 Beispiele für gekapselte Komponenten für Automatisierungsserver</Excluded_Packages>
                    <Excluded_Packages Name="$(BDSBIN)\dclofficexp210.bpl">Microsoft Office XP Beispiele für gekapselte Komponenten für Automation Server</Excluded_Packages>
                </Excluded_Packages>
                <Source>
                    <Source Name="MainSource">FunctionTester.dpr</Source>
                </Source>
            </Delphi.Personality>
            <ModelSupport>True</ModelSupport>
            <Platforms>
                <Platform value="Win32">True</Platform>
                <Platform value="Win64">False</Platform>
            </Platforms>
        </BorlandProject>
        <ProjectFileVersion>12</ProjectFileVersion>
    </ProjectExtensions>
    <Import Project="$(BDS)\Bin\CodeGear.Delphi.Targets"/>
    <ItemGroup>
        <DelphiCompile Include="$(MainSource)">
            <MainSource>MainSource</MainSource>
        </DelphiCompile>
        <DCCReference Include="FormFunctionTester.pas">
            <Form>FormFTMain</Form>
        </DCCReference>
        <DCCReference Include="FuncCaller.pas"/>
        <DCCReference Include="..\General\TextMessage.pas"/>
        <DCCReference Include="FuncBase.pas"/>
        <DCCReference Include="..\General\GenType.pas"/>
        <DCCReference Include="FuncDmm.pas"/>
        <DCCReference Include="FuncDso.pas"/>
        <DCCReference Include="FuncSwt.pas"/>
        <DCCReference Include="FuncMxp.pas"/>
        <DCCReference Include="FuncTmm.pas"/>
        <DCCReference Include="FuncSys.pas"/>
        <DCCReference Include="FuncAux.pas"/>
        <DCCReference Include="..\Comm\RS232.pas"/>
        <DCCReference Include="..\Comm\MtxUSB.pas"/>
        <DCCReference Include="..\Comm\PCAN.pas"/>
        <DCCReference Include="..\Comm\ConnBase.pas"/>
        <DCCReference Include="..\Externals\USBIO\USBIOCOMLib_TLB.pas"/>
        <DCCReference Include="..\Externals\USBIO\Usbspec.pas"/>
        <DCCReference Include="..\CoreData\StepGroup.pas"/>
        <DCCReference Include="..\CoreData\StepData.pas"/>
        <DCCReference Include="..\Script\ScriptReader.pas"/>
        <DCCReference Include="..\Script\StepChecker.pas"/>
        <DCCReference Include="..\General\StringPairs.pas"/>
        <DCCReference Include="..\Externals\ExprParser\OObjects.pas"/>
        <DCCReference Include="..\Externals\ExprParser\ParseClass.pas"/>
        <DCCReference Include="..\Externals\ExprParser\ParseExpr.pas"/>
        <DCCReference Include="..\General\GenUtils.pas"/>
        <DCCReference Include="..\Device\DeviceBase.pas"/>
        <DCCReference Include="..\Device\Multimeter.pas"/>
        <DCCReference Include="..\Tools\ToolBase.pas"/>
        <DCCReference Include="..\Config\ConfigBase.pas"/>
        <DCCReference Include="..\Device\RelayControl.pas"/>
        <None Include="ModelSupport_FunctionTester\default.txaPackage"/>
        <None Include="ModelSupport_FunctionTester\default.txvpck"/>
        <None Include="ModelSupport_FunctionTester\FormFunctionTester\default.txvpck"/>
        <None Include="ModelSupport_FunctionTester\FuncAux\default.txvpck"/>
        <None Include="ModelSupport_FunctionTester\FuncCaller\default.txvpck"/>
        <None Include="ModelSupport_FunctionTester\FuncFlashRunner\default.txaPackage"/>
        <None Include="ModelSupport_FunctionTester\FuncFlashRunner\default.txvpck"/>
        <None Include="ModelSupport_FunctionTester\FuncSys\default.txvpck"/>
        <None Include="ModelSupport_FunctionTester\FunctionBase\default.txaPackage"/>
        <None Include="ModelSupport_FunctionTester\FunctionBase\default.txvpck"/>
        <None Include="ModelSupport_FunctionTester\FunctionCaller\default.txaPackage"/>
        <None Include="ModelSupport_FunctionTester\FunctionCaller\default.txvpck"/>
        <None Include="ModelSupport_FunctionTester\FunctionTester\default.txaPackage"/>
        <None Include="ModelSupport_FunctionTester\FunctionTester\default.txvpck"/>
        <None Include="ModelSupport_FunctionTester\MtxUSB\default.txaPackage"/>
        <None Include="ModelSupport_FunctionTester\OObjects\default.txaPackage"/>
        <None Include="ModelSupport_FunctionTester\ParseClass\default.txaPackage"/>
        <None Include="ModelSupport_FunctionTester\ParseExpr\default.txaPackage"/>
        <None Include="ModelSupport_FunctionTester\PCAN\default.txaPackage"/>
        <None Include="ModelSupport_FunctionTester\ScriptReader\default.txaPackage"/>
        <None Include="ModelSupport_FunctionTester\StepChecker\default.txaPackage"/>
        <None Include="ModelSupport_FunctionTester\StepGroup\default.txvpck"/>
        <None Include="ModelSupport_FunctionTester\StringPairs\default.txaPackage"/>
        <None Include="ModelSupport_FunctionTester\TextMessage\default.txaPackage"/>
        <None Include="ModelSupport_FunctionTester\USBIOCOMLib_TLB\default.txaPackage"/>
        <None Include="ModelSupport_FunctionTester\USBSPEC\default.txaPackage"/>
        <BuildConfiguration Include="Debug">
            <Key>Cfg_2</Key>
            <CfgParent>Base</CfgParent>
        </BuildConfiguration>
        <BuildConfiguration Include="Base">
            <Key>Base</Key>
        </BuildConfiguration>
        <BuildConfiguration Include="Release">
            <Key>Cfg_1</Key>
            <CfgParent>Base</CfgParent>
        </BuildConfiguration>
    </ItemGroup>
    <Import Project="$(BDS)\Bin\CodeGear.Delphi.Targets" Condition="Exists('$(BDS)\Bin\CodeGear.Delphi.Targets')"/>
    <Import Project="$(APPDATA)\Embarcadero\$(BDSAPPDATABASEDIR)\$(PRODUCTVERSION)\UserTools.proj" Condition="Exists('$(APPDATA)\Embarcadero\$(BDSAPPDATABASEDIR)\$(PRODUCTVERSION)\UserTools.proj')"/>
</Project>
