<?xml version="1.0" encoding="utf-8"?>
<Project xmlns="http://schemas.microsoft.com/developer/msbuild/2003">
  <PropertyGroup>
    <ProjectGuid>{ac588241-6592-46e6-85cd-4e1bf0bedd8c}</ProjectGuid>
    <Configuration Condition=" '$(Configuration)' == '' ">Release</Configuration>
    <Platform Condition=" '$(Platform)' == '' ">AnyCPU</Platform>
    <DCC_DCCCompiler>DCC32</DCC_DCCCompiler>
    <DCC_DependencyCheckOutputName>DeviceTester.exe</DCC_DependencyCheckOutputName>
    <MainSource>DeviceTester.dpr</MainSource>
  </PropertyGroup>
  <PropertyGroup Condition=" '$(Configuration)|$(Platform)' == 'Release|AnyCPU' ">
    <Version>7.0</Version>
    <DCC_DebugInformation>False</DCC_DebugInformation>
    <DCC_LocalDebugSymbols>False</DCC_LocalDebugSymbols>
    <DCC_SymbolReferenceInfo>0</DCC_SymbolReferenceInfo>
    <DCC_Define>RELEASE</DCC_Define>
    <DCC_UnitSearchPath>..\Externals</DCC_UnitSearchPath>
    <DCC_ResourcePath>..\Externals</DCC_ResourcePath>
    <DCC_ObjPath>..\Externals</DCC_ObjPath>
    <DCC_IncludePath>..\Externals</DCC_IncludePath>
  </PropertyGroup>
  <PropertyGroup Condition=" '$(Configuration)|$(Platform)' == 'Debug|AnyCPU' ">
    <Version>7.0</Version>
    <DCC_Define>DEBUG</DCC_Define>
    <DCC_UnitSearchPath>..\Externals</DCC_UnitSearchPath>
    <DCC_ResourcePath>..\Externals</DCC_ResourcePath>
    <DCC_ObjPath>..\Externals</DCC_ObjPath>
    <DCC_IncludePath>..\Externals</DCC_IncludePath>
  </PropertyGroup>
  <ProjectExtensions>
    <Borland.Personality>Delphi.Personality</Borland.Personality>
    <Borland.ProjectType />
    <BorlandProject>
<BorlandProject><Delphi.Personality><Parameters><Parameters Name="UseLauncher">False</Parameters><Parameters Name="LoadAllSymbols">True</Parameters><Parameters Name="LoadUnspecifiedSymbols">False</Parameters></Parameters><VersionInfo><VersionInfo Name="IncludeVerInfo">False</VersionInfo><VersionInfo Name="AutoIncBuild">False</VersionInfo><VersionInfo Name="MajorVer">1</VersionInfo><VersionInfo Name="MinorVer">0</VersionInfo><VersionInfo Name="Release">0</VersionInfo><VersionInfo Name="Build">0</VersionInfo><VersionInfo Name="Debug">False</VersionInfo><VersionInfo Name="PreRelease">False</VersionInfo><VersionInfo Name="Special">False</VersionInfo><VersionInfo Name="Private">False</VersionInfo><VersionInfo Name="DLL">False</VersionInfo><VersionInfo Name="Locale">1031</VersionInfo><VersionInfo Name="CodePage">1252</VersionInfo></VersionInfo><VersionInfoKeys><VersionInfoKeys Name="CompanyName"></VersionInfoKeys><VersionInfoKeys Name="FileDescription"></VersionInfoKeys><VersionInfoKeys Name="FileVersion">1.0.0.0</VersionInfoKeys><VersionInfoKeys Name="InternalName"></VersionInfoKeys><VersionInfoKeys Name="LegalCopyright"></VersionInfoKeys><VersionInfoKeys Name="LegalTrademarks"></VersionInfoKeys><VersionInfoKeys Name="OriginalFilename"></VersionInfoKeys><VersionInfoKeys Name="ProductName"></VersionInfoKeys><VersionInfoKeys Name="ProductVersion">1.0.0.0</VersionInfoKeys><VersionInfoKeys Name="Comments"></VersionInfoKeys></VersionInfoKeys><Excluded_Packages>
      <Excluded_Packages Name="$(BDS)\bin\dcloffice2k100.bpl">Microsoft Office 2000 Beispiele für gekapselte Komponenten für Automation Server</Excluded_Packages>
      <Excluded_Packages Name="$(BDS)\bin\dclofficexp100.bpl">Microsoft Office XP Beispiele für gekapselte Komponenten für Automation Server</Excluded_Packages>
<<<<<<< HEAD:Delphi/Device/MultimeterTester.dproj
    </Excluded_Packages><Source><Source Name="MainSource">MultimeterTester.dpr</Source></Source></Delphi.Personality>  <ModelSupport>True</ModelSupport>
</BorlandProject></BorlandProject>
=======
    </Excluded_Packages><Source><Source Name="MainSource">DeviceTester.dpr</Source></Source></Delphi.Personality></BorlandProject></BorlandProject>
>>>>>>> origin/master:Delphi/Device/DeviceTester.dproj
  </ProjectExtensions>
  <Import Project="$(MSBuildBinPath)\Borland.Delphi.Targets" />
  <ItemGroup>
    <DelphiCompile Include="DeviceTester.dpr">
      <MainSource>MainSource</MainSource>
    </DelphiCompile>
<<<<<<< HEAD:Delphi/Device/MultimeterTester.dproj
    <DCCReference Include="DeviceBase.pas" />
    <DCCReference Include="MMTester.pas">
      <Form>Form1</Form>
    </DCCReference>
    <DCCReference Include="Multimeter.pas" />
    <None Include="ModelSupport_MultimeterTester\default.txaPackage" />
    <None Include="ModelSupport_MultimeterTester\default.txvpck" />
    <None Include="ModelSupport_MultimeterTester\DeviceBase\default.txaPackage" />
    <None Include="ModelSupport_MultimeterTester\DeviceBase\default.txvpck" />
    <None Include="ModelSupport_MultimeterTester\MMTester\default.txvpck" />
    <None Include="ModelSupport_MultimeterTester\MultimeterTester\default.txvpck" />
    <None Include="ModelSupport_MultimeterTester\Multimeter\default.txaPackage" />
    <None Include="ModelSupport_MultimeterTester\Multimeter\default.txvpck" />
=======
    <DCCReference Include="..\Comm\ConnBase.pas" />
    <DCCReference Include="..\Comm\ProtocolBase.pas" />
    <DCCReference Include="..\General\DataBuffer.pas" />
    <DCCReference Include="DeviceBase.pas" />
    <DCCReference Include="FlashRunner.pas" />
    <DCCReference Include="FormDeviceTester.pas">
      <Form>FormDTMain</Form>
    </DCCReference>
    <DCCReference Include="Multimeter.pas" />
    <DCCReference Include="Oscilloscope.pas" />
>>>>>>> origin/master:Delphi/Device/DeviceTester.dproj
  </ItemGroup>
</Project>