<Project xmlns="http://schemas.microsoft.com/developer/msbuild/2003">
    <PropertyGroup>
        <ProjectGuid>{c70b62f3-f2a7-47e8-aa24-f1dabb9c66f9}</ProjectGuid>
        <Configuration Condition=" '$(Configuration)' == '' ">Debug</Configuration>
        <DCC_DCCCompiler>DCC32</DCC_DCCCompiler>
        <DCC_DependencyCheckOutputName>ProductTester.exe</DCC_DependencyCheckOutputName>
        <MainSource>ProductTester.dpr</MainSource>
        <Base>True</Base>
        <Config Condition="'$(Config)'==''">Debug</Config>
        <TargetedPlatforms>1</TargetedPlatforms>
        <AppType>Application</AppType>
        <FrameworkType>VCL</FrameworkType>
        <ProjectVersion>16.1</ProjectVersion>
        <Platform Condition="'$(Platform)'==''">Win32</Platform>
    </PropertyGroup>
    <PropertyGroup Condition="'$(Config)'=='Base' or '$(Base)'!=''">
        <Base>true</Base>
    </PropertyGroup>
    <PropertyGroup Condition="('$(Platform)'=='Win32' and '$(Base)'=='true') or '$(Base_Win32)'!=''">
        <Base_Win32>true</Base_Win32>
        <CfgParent>Base</CfgParent>
        <Base>true</Base>
    </PropertyGroup>
    <PropertyGroup Condition="('$(Platform)'=='Win64' and '$(Base)'=='true') or '$(Base_Win64)'!=''">
        <Base_Win64>true</Base_Win64>
        <CfgParent>Base</CfgParent>
        <Base>true</Base>
    </PropertyGroup>
    <PropertyGroup Condition="'$(Config)'=='Release' or '$(Cfg_1)'!=''">
        <Cfg_1>true</Cfg_1>
        <CfgParent>Base</CfgParent>
        <Base>true</Base>
    </PropertyGroup>
    <PropertyGroup Condition="'$(Config)'=='Debug' or '$(Cfg_2)'!=''">
        <Cfg_2>true</Cfg_2>
        <CfgParent>Base</CfgParent>
        <Base>true</Base>
    </PropertyGroup>
    <PropertyGroup Condition="'$(Base)'!=''">
        <VerInfo_Keys>CompanyName=;FileDescription=;FileVersion=1.0.0.0;InternalName=;LegalCopyright=;LegalTrademarks=;OriginalFilename=;ProductName=;ProductVersion=1.0.0.0;Comments=</VerInfo_Keys>
        <DCC_Namespace>Vcl;Vcl.Imaging;Vcl.Touch;Vcl.Samples;Vcl.Shell;System;Xml;Data;Datasnap;Web;Soap;Winapi;System.Win;$(DCC_Namespace)</DCC_Namespace>
        <SanitizedProjectName>ProductTester</SanitizedProjectName>
        <VerInfo_Locale>1031</VerInfo_Locale>
    </PropertyGroup>
    <PropertyGroup Condition="'$(Base_Win32)'!=''">
        <DCC_Namespace>Winapi;System.Win;Data.Win;Datasnap.Win;Web.Win;Soap.Win;Xml.Win;Bde;$(DCC_Namespace)</DCC_Namespace>
        <Manifest_File>$(BDS)\bin\default_app.manifest</Manifest_File>
        <VerInfo_IncludeVerInfo>true</VerInfo_IncludeVerInfo>
        <VerInfo_Locale>1033</VerInfo_Locale>
        <Icon_MainIcon>ProductTester_Icon1.ico</Icon_MainIcon>
    </PropertyGroup>
    <PropertyGroup Condition="'$(Base_Win64)'!=''">
        <Manifest_File>$(BDS)\bin\default_app.manifest</Manifest_File>
        <Icon_MainIcon>ProductTester_Icon1.ico</Icon_MainIcon>
    </PropertyGroup>
    <PropertyGroup Condition="'$(Cfg_1)'!=''">
        <Version>7.0</Version>
        <DCC_DebugInformation>0</DCC_DebugInformation>
        <DCC_LocalDebugSymbols>False</DCC_LocalDebugSymbols>
        <DCC_SymbolReferenceInfo>0</DCC_SymbolReferenceInfo>
        <DCC_Define>RELEASE;$(DCC_Define)</DCC_Define>
        <DCC_UnitSearchPath>..\Externals; ..\General; ..\Comm; ..\Device;$(DCC_UnitSearchPath)</DCC_UnitSearchPath>
        <DCC_ResourcePath>..\Externals; ..\General; ..\Comm; ..\Device;$(DCC_ResourcePath)</DCC_ResourcePath>
        <DCC_ObjPath>..\Externals; ..\General; ..\Comm; ..\Device;$(DCC_ObjPath)</DCC_ObjPath>
        <DCC_IncludePath>..\Externals; ..\General; ..\Comm; ..\Device;$(DCC_IncludePath)</DCC_IncludePath>
    </PropertyGroup>
    <PropertyGroup Condition="'$(Cfg_2)'!=''">
        <Version>7.0</Version>
        <DCC_Define>DEBUG;$(DCC_Define)</DCC_Define>
        <DCC_UnitSearchPath>$(BDS)\lib\Debug;$(BDS)\Lib\Debug\Indy10;$(BDS)\RaveReports\Lib;..\Externals; ..\General; ..\Comm; ..\Device;$(DCC_UnitSearchPath)</DCC_UnitSearchPath>
        <DCC_ResourcePath>$(BDS)\lib\Debug;$(BDS)\Lib\Debug\Indy10;$(BDS)\RaveReports\Lib;..\Externals; ..\General; ..\Comm; ..\Device;$(DCC_ResourcePath)</DCC_ResourcePath>
        <DCC_ObjPath>$(BDS)\lib\Debug;$(BDS)\Lib\Debug\Indy10;$(BDS)\RaveReports\Lib;..\Externals; ..\General; ..\Comm; ..\Device;$(DCC_ObjPath)</DCC_ObjPath>
        <DCC_IncludePath>$(BDS)\lib\Debug;$(BDS)\Lib\Debug\Indy10;$(BDS)\RaveReports\Lib;..\Externals; ..\General; ..\Comm; ..\Device;$(DCC_IncludePath)</DCC_IncludePath>
        <DCC_Optimize>False</DCC_Optimize>
    </PropertyGroup>
    <ProjectExtensions>
        <Borland.Personality>Delphi.Personality.12</Borland.Personality>
        <Borland.ProjectType/>
        <BorlandProject>
            <Delphi.Personality>
                <Parameters>
                    <Parameters Name="UseLauncher">False</Parameters>
                    <Parameters Name="LoadAllSymbols">True</Parameters>
                    <Parameters Name="LoadUnspecifiedSymbols">False</Parameters>
                </Parameters>
                <VersionInfo>
                    <VersionInfo Name="IncludeVerInfo">False</VersionInfo>
                    <VersionInfo Name="AutoIncBuild">False</VersionInfo>
                    <VersionInfo Name="MajorVer">1</VersionInfo>
                    <VersionInfo Name="MinorVer">0</VersionInfo>
                    <VersionInfo Name="Release">0</VersionInfo>
                    <VersionInfo Name="Build">0</VersionInfo>
                    <VersionInfo Name="Debug">False</VersionInfo>
                    <VersionInfo Name="PreRelease">False</VersionInfo>
                    <VersionInfo Name="Special">False</VersionInfo>
                    <VersionInfo Name="Private">False</VersionInfo>
                    <VersionInfo Name="DLL">False</VersionInfo>
                    <VersionInfo Name="Locale">1031</VersionInfo>
                    <VersionInfo Name="CodePage">1252</VersionInfo>
                </VersionInfo>
                <VersionInfoKeys>
                    <VersionInfoKeys Name="CompanyName"/>
                    <VersionInfoKeys Name="FileDescription"/>
                    <VersionInfoKeys Name="FileVersion">1.0.0.0</VersionInfoKeys>
                    <VersionInfoKeys Name="InternalName"/>
                    <VersionInfoKeys Name="LegalCopyright"/>
                    <VersionInfoKeys Name="LegalTrademarks"/>
                    <VersionInfoKeys Name="OriginalFilename"/>
                    <VersionInfoKeys Name="ProductName"/>
                    <VersionInfoKeys Name="ProductVersion">1.0.0.0</VersionInfoKeys>
                    <VersionInfoKeys Name="Comments"/>
                </VersionInfoKeys>
                <Excluded_Packages>
                    <Excluded_Packages Name="$(BDSBIN)\dcloffice2k100.bpl">Microsoft Office 2000 Beispiele für gekapselte Komponenten für Automation Server</Excluded_Packages>
                    <Excluded_Packages Name="$(BDSBIN)\dclofficexp100.bpl">Microsoft Office XP Beispiele für gekapselte Komponenten für Automation Server</Excluded_Packages>
                </Excluded_Packages>
                <Source>
                    <Source Name="MainSource">ProductTester.dpr</Source>
                </Source>
            </Delphi.Personality>
            <ModelSupport>True</ModelSupport>
            <Platforms>
                <Platform value="Win32">True</Platform>
                <Platform value="Win64">False</Platform>
            </Platforms>
        </BorlandProject>
        <ProjectFileVersion>12</ProjectFileVersion>
    </ProjectExtensions>
    <Import Project="$(BDS)\Bin\CodeGear.Delphi.Targets"/>
    <ItemGroup>
        <DelphiCompile Include="$(MainSource)">
            <MainSource>MainSource</MainSource>
        </DelphiCompile>
        <DCCReference Include="FormProdTester.pas">
            <Form>frmProdTester</Form>
        </DCCReference>
        <DCCReference Include="..\General\StringPairs.pas"/>
        <DCCReference Include="MtxDownloader.pas"/>
        <DCCReference Include="..\Comm\ConnBase.pas"/>
        <DCCReference Include="..\Comm\RS232.pas"/>
        <DCCReference Include="..\General\TextMessage.pas"/>
        <DCCReference Include="..\General\GenUtils.pas"/>
        <DCCReference Include="..\General\NewProgressbar.pas"/>
        <DCCReference Include="ProductBase.pas"/>
        <DCCReference Include="..\Device\DeviceBase.pas"/>
        <DCCReference Include="..\Config\ProductConfig.pas"/>
        <DCCReference Include="..\Config\ConfigBase.pas"/>
        <DCCReference Include="..\Config\DeviceConfig.pas"/>
        <DCCReference Include="UnitsSystem.pas"/>
        <None Include="ModelSupport_ProductTester\ConfigBase\default.txaPackage"/>
        <None Include="ModelSupport_ProductTester\ConnBase\default.txaPackage"/>
        <None Include="ModelSupport_ProductTester\DataBuffer\default.txaPackage"/>
        <None Include="ModelSupport_ProductTester\default.txaPackage"/>
        <None Include="ModelSupport_ProductTester\default.txvpck"/>
        <None Include="ModelSupport_ProductTester\FormProdTester\default.txaPackage"/>
        <None Include="ModelSupport_ProductTester\FormProdTester\default.txvpck"/>
        <None Include="ModelSupport_ProductTester\GenUtils\default.txaPackage"/>
        <None Include="ModelSupport_ProductTester\Main\default.txvpck"/>
        <None Include="ModelSupport_ProductTester\MtxDIS2\default.txaPackage"/>
        <None Include="ModelSupport_ProductTester\MtxDIS2\default.txvpck"/>
        <None Include="ModelSupport_ProductTester\MtxDownloader\default.txaPackage"/>
        <None Include="ModelSupport_ProductTester\MtxDownloader\default.txvpck"/>
        <None Include="ModelSupport_ProductTester\MtxProduct\default.txaPackage"/>
        <None Include="ModelSupport_ProductTester\MtxProduct\default.txvpck"/>
        <None Include="ModelSupport_ProductTester\MtxUSB\default.txaPackage"/>
        <None Include="ModelSupport_ProductTester\MtxUSB\default.txvpck"/>
        <None Include="ModelSupport_ProductTester\NewProgressbar\default.txaPackage"/>
        <None Include="ModelSupport_ProductTester\PRODTester\default.txaPackage"/>
        <None Include="ModelSupport_ProductTester\ProductBase\default.txvpck"/>
        <None Include="ModelSupport_ProductTester\ProductConfig\default.txaPackage"/>
        <None Include="ModelSupport_ProductTester\ProductConfig\default.txvpck"/>
        <None Include="ModelSupport_ProductTester\ProductTester\default.txaPackage"/>
        <None Include="ModelSupport_ProductTester\ProductTester\default.txvpck"/>
        <None Include="ModelSupport_ProductTester\RS232\default.txaPackage"/>
        <None Include="ModelSupport_ProductTester\StringPairs\default.txaPackage"/>
        <None Include="ModelSupport_ProductTester\TextMessage\default.txaPackage"/>
        <None Include="ModelSupport_ProductTester\UnitsSystem\default.txaPackage"/>
        <BuildConfiguration Include="Debug">
            <Key>Cfg_2</Key>
            <CfgParent>Base</CfgParent>
        </BuildConfiguration>
        <BuildConfiguration Include="Base">
            <Key>Base</Key>
        </BuildConfiguration>
        <BuildConfiguration Include="Release">
            <Key>Cfg_1</Key>
            <CfgParent>Base</CfgParent>
        </BuildConfiguration>
    </ItemGroup>
    <Import Project="$(BDS)\Bin\CodeGear.Delphi.Targets" Condition="Exists('$(BDS)\Bin\CodeGear.Delphi.Targets')"/>
    <Import Project="$(APPDATA)\Embarcadero\$(BDSAPPDATABASEDIR)\$(PRODUCTVERSION)\UserTools.proj" Condition="Exists('$(APPDATA)\Embarcadero\$(BDSAPPDATABASEDIR)\$(PRODUCTVERSION)\UserTools.proj')"/>
</Project>
